// !$*UTF8*$!
{
	archiveVersion = 1;
	classes = {
	};
	objectVersion = 50;
	objects = {

/* Begin PBXBuildFile section */
		23118BD12546E2A300E925A0 /* Main.storyboard in Resources */ = {isa = PBXBuildFile; fileRef = 23118BD02546E2A300E925A0 /* Main.storyboard */; };
		233E72202542C9B600B243EC /* AppDelegate.swift in Sources */ = {isa = PBXBuildFile; fileRef = 233E721F2542C9B600B243EC /* AppDelegate.swift */; };
		233E72222542C9B600B243EC /* ViewController.swift in Sources */ = {isa = PBXBuildFile; fileRef = 233E72212542C9B600B243EC /* ViewController.swift */; };
		233E72242542C9B800B243EC /* Assets.xcassets in Resources */ = {isa = PBXBuildFile; fileRef = 233E72232542C9B800B243EC /* Assets.xcassets */; };
		233E72272542C9B800B243EC /* (null) in Resources */ = {isa = PBXBuildFile; };
		233E723B2546D34A00B243EC /* Home.storyboard in Resources */ = {isa = PBXBuildFile; fileRef = 233E723A2546D34A00B243EC /* Home.storyboard */; };
		233E723D2546D3BD00B243EC /* KeynoteTimer.storyboard in Resources */ = {isa = PBXBuildFile; fileRef = 233E723C2546D3BD00B243EC /* KeynoteTimer.storyboard */; };
		C80F368B25481AC500222976 /* HomeViewController.swift in Sources */ = {isa = PBXBuildFile; fileRef = C80F368A25481AC500222976 /* HomeViewController.swift */; };
/* End PBXBuildFile section */

/* Begin PBXFileReference section */
		23118BD02546E2A300E925A0 /* Main.storyboard */ = {isa = PBXFileReference; fileEncoding = 4; lastKnownFileType = file.storyboard; path = Main.storyboard; sourceTree = "<group>"; };
		233E721C2542C9B600B243EC /* MacroPresent.app */ = {isa = PBXFileReference; explicitFileType = wrapper.application; includeInIndex = 0; path = MacroPresent.app; sourceTree = BUILT_PRODUCTS_DIR; };
		233E721F2542C9B600B243EC /* AppDelegate.swift */ = {isa = PBXFileReference; lastKnownFileType = sourcecode.swift; path = AppDelegate.swift; sourceTree = "<group>"; };
		233E72212542C9B600B243EC /* ViewController.swift */ = {isa = PBXFileReference; lastKnownFileType = sourcecode.swift; path = ViewController.swift; sourceTree = "<group>"; };
		233E72232542C9B800B243EC /* Assets.xcassets */ = {isa = PBXFileReference; lastKnownFileType = folder.assetcatalog; path = Assets.xcassets; sourceTree = "<group>"; };
		233E72282542C9B800B243EC /* Info.plist */ = {isa = PBXFileReference; lastKnownFileType = text.plist.xml; path = Info.plist; sourceTree = "<group>"; };
		233E72292542C9B800B243EC /* MacroPresent.entitlements */ = {isa = PBXFileReference; lastKnownFileType = text.plist.entitlements; path = MacroPresent.entitlements; sourceTree = "<group>"; };
		233E723A2546D34A00B243EC /* Home.storyboard */ = {isa = PBXFileReference; fileEncoding = 4; lastKnownFileType = file.storyboard; path = Home.storyboard; sourceTree = "<group>"; };
		233E723C2546D3BD00B243EC /* KeynoteTimer.storyboard */ = {isa = PBXFileReference; fileEncoding = 4; lastKnownFileType = file.storyboard; path = KeynoteTimer.storyboard; sourceTree = "<group>"; };
		C80F368A25481AC500222976 /* HomeViewController.swift */ = {isa = PBXFileReference; lastKnownFileType = sourcecode.swift; path = HomeViewController.swift; sourceTree = "<group>"; };
/* End PBXFileReference section */

/* Begin PBXFrameworksBuildPhase section */
		233E72192542C9B600B243EC /* Frameworks */ = {
			isa = PBXFrameworksBuildPhase;
			buildActionMask = 2147483647;
			files = (
			);
			runOnlyForDeploymentPostprocessing = 0;
		};
/* End PBXFrameworksBuildPhase section */

/* Begin PBXGroup section */
		233E72132542C9B600B243EC = {
			isa = PBXGroup;
			children = (
				233E721E2542C9B600B243EC /* MacroPresent */,
				233E721D2542C9B600B243EC /* Products */,
			);
			sourceTree = "<group>";
		};
		233E721D2542C9B600B243EC /* Products */ = {
			isa = PBXGroup;
			children = (
				233E721C2542C9B600B243EC /* MacroPresent.app */,
			);
			name = Products;
			sourceTree = "<group>";
		};
		233E721E2542C9B600B243EC /* MacroPresent */ = {
			isa = PBXGroup;
			children = (
				233E721F2542C9B600B243EC /* AppDelegate.swift */,
				233E72212542C9B600B243EC /* ViewController.swift */,
				233E723A2546D34A00B243EC /* Home.storyboard */,
				C80F368A25481AC500222976 /* HomeViewController.swift */,
				233E72232542C9B800B243EC /* Assets.xcassets */,
				233E723C2546D3BD00B243EC /* KeynoteTimer.storyboard */,
				23118BD02546E2A300E925A0 /* Main.storyboard */,
				233E72282542C9B800B243EC /* Info.plist */,
				233E72292542C9B800B243EC /* MacroPresent.entitlements */,
			);
			path = MacroPresent;
			sourceTree = "<group>";
		};
/* End PBXGroup section */

/* Begin PBXNativeTarget section */
		233E721B2542C9B600B243EC /* MacroPresent */ = {
			isa = PBXNativeTarget;
			buildConfigurationList = 233E722C2542C9B800B243EC /* Build configuration list for PBXNativeTarget "MacroPresent" */;
			buildPhases = (
				233E72182542C9B600B243EC /* Sources */,
				233E72192542C9B600B243EC /* Frameworks */,
				233E721A2542C9B600B243EC /* Resources */,
			);
			buildRules = (
			);
			dependencies = (
			);
			name = MacroPresent;
			productName = MacroPresent;
			productReference = 233E721C2542C9B600B243EC /* MacroPresent.app */;
			productType = "com.apple.product-type.application";
		};
/* End PBXNativeTarget section */

/* Begin PBXProject section */
		233E72142542C9B600B243EC /* Project object */ = {
			isa = PBXProject;
			attributes = {
				LastSwiftUpdateCheck = 1160;
				LastUpgradeCheck = 1160;
				ORGANIZATIONNAME = CKCK;
				TargetAttributes = {
					233E721B2542C9B600B243EC = {
						CreatedOnToolsVersion = 11.6;
					};
				};
			};
			buildConfigurationList = 233E72172542C9B600B243EC /* Build configuration list for PBXProject "MacroPresent" */;
			compatibilityVersion = "Xcode 9.3";
			developmentRegion = en;
			hasScannedForEncodings = 0;
			knownRegions = (
				en,
				Base,
			);
			mainGroup = 233E72132542C9B600B243EC;
			productRefGroup = 233E721D2542C9B600B243EC /* Products */;
			projectDirPath = "";
			projectRoot = "";
			targets = (
				233E721B2542C9B600B243EC /* MacroPresent */,
			);
		};
/* End PBXProject section */

/* Begin PBXResourcesBuildPhase section */
		233E721A2542C9B600B243EC /* Resources */ = {
			isa = PBXResourcesBuildPhase;
			buildActionMask = 2147483647;
			files = (
				233E723B2546D34A00B243EC /* Home.storyboard in Resources */,
				23118BD12546E2A300E925A0 /* Main.storyboard in Resources */,
				233E72242542C9B800B243EC /* Assets.xcassets in Resources */,
				233E723D2546D3BD00B243EC /* KeynoteTimer.storyboard in Resources */,
				233E72272542C9B800B243EC /* (null) in Resources */,
			);
			runOnlyForDeploymentPostprocessing = 0;
		};
/* End PBXResourcesBuildPhase section */

/* Begin PBXSourcesBuildPhase section */
		233E72182542C9B600B243EC /* Sources */ = {
			isa = PBXSourcesBuildPhase;
			buildActionMask = 2147483647;
			files = (
				233E72222542C9B600B243EC /* ViewController.swift in Sources */,
				233E72202542C9B600B243EC /* AppDelegate.swift in Sources */,
				C80F368B25481AC500222976 /* HomeViewController.swift in Sources */,
			);
			runOnlyForDeploymentPostprocessing = 0;
		};
/* End PBXSourcesBuildPhase section */

/* Begin XCBuildConfiguration section */
		233E722A2542C9B800B243EC /* Debug */ = {
			isa = XCBuildConfiguration;
			buildSettings = {
				ALWAYS_SEARCH_USER_PATHS = NO;
				CLANG_ANALYZER_NONNULL = YES;
				CLANG_ANALYZER_NUMBER_OBJECT_CONVERSION = YES_AGGRESSIVE;
				CLANG_CXX_LANGUAGE_STANDARD = "gnu++14";
				CLANG_CXX_LIBRARY = "libc++";
				CLANG_ENABLE_MODULES = YES;
				CLANG_ENABLE_OBJC_ARC = YES;
				CLANG_ENABLE_OBJC_WEAK = YES;
				CLANG_WARN_BLOCK_CAPTURE_AUTORELEASING = YES;
				CLANG_WARN_BOOL_CONVERSION = YES;
				CLANG_WARN_COMMA = YES;
				CLANG_WARN_CONSTANT_CONVERSION = YES;
				CLANG_WARN_DEPRECATED_OBJC_IMPLEMENTATIONS = YES;
				CLANG_WARN_DIRECT_OBJC_ISA_USAGE = YES_ERROR;
				CLANG_WARN_DOCUMENTATION_COMMENTS = YES;
				CLANG_WARN_EMPTY_BODY = YES;
				CLANG_WARN_ENUM_CONVERSION = YES;
				CLANG_WARN_INFINITE_RECURSION = YES;
				CLANG_WARN_INT_CONVERSION = YES;
				CLANG_WARN_NON_LITERAL_NULL_CONVERSION = YES;
				CLANG_WARN_OBJC_IMPLICIT_RETAIN_SELF = YES;
				CLANG_WARN_OBJC_LITERAL_CONVERSION = YES;
				CLANG_WARN_OBJC_ROOT_CLASS = YES_ERROR;
				CLANG_WARN_RANGE_LOOP_ANALYSIS = YES;
				CLANG_WARN_STRICT_PROTOTYPES = YES;
				CLANG_WARN_SUSPICIOUS_MOVE = YES;
				CLANG_WARN_UNGUARDED_AVAILABILITY = YES_AGGRESSIVE;
				CLANG_WARN_UNREACHABLE_CODE = YES;
				CLANG_WARN__DUPLICATE_METHOD_MATCH = YES;
				COPY_PHASE_STRIP = NO;
				DEBUG_INFORMATION_FORMAT = dwarf;
				ENABLE_STRICT_OBJC_MSGSEND = YES;
				ENABLE_TESTABILITY = YES;
				GCC_C_LANGUAGE_STANDARD = gnu11;
				GCC_DYNAMIC_NO_PIC = NO;
				GCC_NO_COMMON_BLOCKS = YES;
				GCC_OPTIMIZATION_LEVEL = 0;
				GCC_PREPROCESSOR_DEFINITIONS = (
					"DEBUG=1",
					"$(inherited)",
				);
				GCC_WARN_64_TO_32_BIT_CONVERSION = YES;
				GCC_WARN_ABOUT_RETURN_TYPE = YES_ERROR;
				GCC_WARN_UNDECLARED_SELECTOR = YES;
				GCC_WARN_UNINITIALIZED_AUTOS = YES_AGGRESSIVE;
				GCC_WARN_UNUSED_FUNCTION = YES;
				GCC_WARN_UNUSED_VARIABLE = YES;
				MACOSX_DEPLOYMENT_TARGET = 10.15;
				MTL_ENABLE_DEBUG_INFO = INCLUDE_SOURCE;
				MTL_FAST_MATH = YES;
				ONLY_ACTIVE_ARCH = YES;
				SDKROOT = macosx;
				SWIFT_ACTIVE_COMPILATION_CONDITIONS = DEBUG;
				SWIFT_OPTIMIZATION_LEVEL = "-Onone";
			};
			name = Debug;
		};
		233E722B2542C9B800B243EC /* Release */ = {
			isa = XCBuildConfiguration;
			buildSettings = {
				ALWAYS_SEARCH_USER_PATHS = NO;
				CLANG_ANALYZER_NONNULL = YES;
				CLANG_ANALYZER_NUMBER_OBJECT_CONVERSION = YES_AGGRESSIVE;
				CLANG_CXX_LANGUAGE_STANDARD = "gnu++14";
				CLANG_CXX_LIBRARY = "libc++";
				CLANG_ENABLE_MODULES = YES;
				CLANG_ENABLE_OBJC_ARC = YES;
				CLANG_ENABLE_OBJC_WEAK = YES;
				CLANG_WARN_BLOCK_CAPTURE_AUTORELEASING = YES;
				CLANG_WARN_BOOL_CONVERSION = YES;
				CLANG_WARN_COMMA = YES;
				CLANG_WARN_CONSTANT_CONVERSION = YES;
				CLANG_WARN_DEPRECATED_OBJC_IMPLEMENTATIONS = YES;
				CLANG_WARN_DIRECT_OBJC_ISA_USAGE = YES_ERROR;
				CLANG_WARN_DOCUMENTATION_COMMENTS = YES;
				CLANG_WARN_EMPTY_BODY = YES;
				CLANG_WARN_ENUM_CONVERSION = YES;
				CLANG_WARN_INFINITE_RECURSION = YES;
				CLANG_WARN_INT_CONVERSION = YES;
				CLANG_WARN_NON_LITERAL_NULL_CONVERSION = YES;
				CLANG_WARN_OBJC_IMPLICIT_RETAIN_SELF = YES;
				CLANG_WARN_OBJC_LITERAL_CONVERSION = YES;
				CLANG_WARN_OBJC_ROOT_CLASS = YES_ERROR;
				CLANG_WARN_RANGE_LOOP_ANALYSIS = YES;
				CLANG_WARN_STRICT_PROTOTYPES = YES;
				CLANG_WARN_SUSPICIOUS_MOVE = YES;
				CLANG_WARN_UNGUARDED_AVAILABILITY = YES_AGGRESSIVE;
				CLANG_WARN_UNREACHABLE_CODE = YES;
				CLANG_WARN__DUPLICATE_METHOD_MATCH = YES;
				COPY_PHASE_STRIP = NO;
				DEBUG_INFORMATION_FORMAT = "dwarf-with-dsym";
				ENABLE_NS_ASSERTIONS = NO;
				ENABLE_STRICT_OBJC_MSGSEND = YES;
				GCC_C_LANGUAGE_STANDARD = gnu11;
				GCC_NO_COMMON_BLOCKS = YES;
				GCC_WARN_64_TO_32_BIT_CONVERSION = YES;
				GCC_WARN_ABOUT_RETURN_TYPE = YES_ERROR;
				GCC_WARN_UNDECLARED_SELECTOR = YES;
				GCC_WARN_UNINITIALIZED_AUTOS = YES_AGGRESSIVE;
				GCC_WARN_UNUSED_FUNCTION = YES;
				GCC_WARN_UNUSED_VARIABLE = YES;
				MACOSX_DEPLOYMENT_TARGET = 10.15;
				MTL_ENABLE_DEBUG_INFO = NO;
				MTL_FAST_MATH = YES;
				SDKROOT = macosx;
				SWIFT_COMPILATION_MODE = wholemodule;
				SWIFT_OPTIMIZATION_LEVEL = "-O";
			};
			name = Release;
		};
		233E722D2542C9B800B243EC /* Debug */ = {
			isa = XCBuildConfiguration;
			buildSettings = {
				ASSETCATALOG_COMPILER_APPICON_NAME = AppIcon;
				CODE_SIGN_ENTITLEMENTS = MacroPresent/MacroPresent.entitlements;
				CODE_SIGN_STYLE = Automatic;
				COMBINE_HIDPI_IMAGES = YES;
				DEVELOPMENT_TEAM = FD685GWNYN;
				ENABLE_HARDENED_RUNTIME = YES;
				INFOPLIST_FILE = MacroPresent/Info.plist;
				LD_RUNPATH_SEARCH_PATHS = (
					"$(inherited)",
					"@executable_path/../Frameworks",
				);
				PRODUCT_BUNDLE_IDENTIFIER = CKCK.MacroPresent;
				PRODUCT_NAME = "$(TARGET_NAME)";
				SWIFT_VERSION = 5.0;
			};
			name = Debug;
		};
		233E722E2542C9B800B243EC /* Release */ = {
			isa = XCBuildConfiguration;
			buildSettings = {
				ASSETCATALOG_COMPILER_APPICON_NAME = AppIcon;
				CODE_SIGN_ENTITLEMENTS = MacroPresent/MacroPresent.entitlements;
				CODE_SIGN_STYLE = Automatic;
				COMBINE_HIDPI_IMAGES = YES;
				DEVELOPMENT_TEAM = FD685GWNYN;
				ENABLE_HARDENED_RUNTIME = YES;
				INFOPLIST_FILE = MacroPresent/Info.plist;
				LD_RUNPATH_SEARCH_PATHS = (
					"$(inherited)",
					"@executable_path/../Frameworks",
				);
				PRODUCT_BUNDLE_IDENTIFIER = CKCK.MacroPresent;
				PRODUCT_NAME = "$(TARGET_NAME)";
				SWIFT_VERSION = 5.0;
			};
			name = Release;
		};
/* End XCBuildConfiguration section */

/* Begin XCConfigurationList section */
		233E72172542C9B600B243EC /* Build configuration list for PBXProject "MacroPresent" */ = {
			isa = XCConfigurationList;
			buildConfigurations = (
				233E722A2542C9B800B243EC /* Debug */,
				233E722B2542C9B800B243EC /* Release */,
			);
			defaultConfigurationIsVisible = 0;
			defaultConfigurationName = Release;
		};
		233E722C2542C9B800B243EC /* Build configuration list for PBXNativeTarget "MacroPresent" */ = {
			isa = XCConfigurationList;
			buildConfigurations = (
				233E722D2542C9B800B243EC /* Debug */,
				233E722E2542C9B800B243EC /* Release */,
			);
			defaultConfigurationIsVisible = 0;
			defaultConfigurationName = Release;
		};
/* End XCConfigurationList section */
	};
	rootObject = 233E72142542C9B600B243EC /* Project object */;
}
